
Microsoft Visual Studio Solution File, Format Version 12.00
# Visual Studio 2012
Project("{FAE04EC0-301F-11D3-BF4B-00C04F79EFBC}") = "DogDoor_HeadFirst1", "DogDoor_HeadFirst1\DogDoor_HeadFirst1.csproj", "{D7E344B6-5BA2-46D5-BD28-AD2B5C51DE22}"
EndProject
Global
	GlobalSection(SolutionConfigurationPlatforms) = preSolution
		Debug|Any CPU = Debug|Any CPU
		Release|Any CPU = Release|Any CPU
	EndGlobalSection
	GlobalSection(ProjectConfigurationPlatforms) = postSolution
		{D7E344B6-5BA2-46D5-BD28-AD2B5C51DE22}.Debug|Any CPU.ActiveCfg = Debug|Any CPU
		{D7E344B6-5BA2-46D5-BD28-AD2B5C51DE22}.Debug|Any CPU.Build.0 = Debug|Any CPU
		{D7E344B6-5BA2-46D5-BD28-AD2B5C51DE22}.Release|Any CPU.ActiveCfg = Release|Any CPU
		{D7E344B6-5BA2-46D5-BD28-AD2B5C51DE22}.Release|Any CPU.Build.0 = Release|Any CPU
	EndGlobalSection
	GlobalSection(SolutionProperties) = preSolution
		HideSolutionNode = FALSE
	EndGlobalSection
EndGlobal
